{
  "name": "typings",
  "version": "1.0.0",
  "lockfileVersion": 1,
  "requires": true,
  "dependencies": {
    "@types/jquery": {
      "version": "3.3.29",
      "resolved": "https://registry.npmjs.org/@types/jquery/-/jquery-3.3.29.tgz",
      "integrity": "sha512-FhJvBninYD36v3k6c+bVk1DSZwh7B5Dpb/Pyk3HKVsiohn0nhbefZZ+3JXbWQhFyt0MxSl2jRDdGQPHeOHFXrQ==",
      "dev": true,
      "requires": {
        "@types/sizzle": "*"
      }
    },
    "@types/react": {
      "version": "15.0.5",
      "resolved": "https://registry.npmjs.org/@types/react/-/react-15.0.5.tgz",
      "integrity": "sha1-FtKr91cP6LBLQ6nF2s+0me4ysXY=",
      "dev": true
    },
    "@types/sizzle": {
      "version": "2.3.2",
      "resolved": "https://registry.npmjs.org/@types/sizzle/-/sizzle-2.3.2.tgz",
      "integrity": "sha512-7EJYyKTL7tFR8+gDbB6Wwz/arpGa0Mywk1TJbNzKzHtzbwVmY4HR9WqS5VV7dsBUKQmPNr192jHr/VpBluj/hg==",
      "dev": true
    },
    "@types/velocity-animate": {
      "version": "1.2.33",
      "resolved": "https://registry.npmjs.org/@types/velocity-animate/-/velocity-animate-1.2.33.tgz",
      "integrity": "sha512-0UAWZSIAT7QE2kR1tcCJcfed3VY2m7VDbLhXEFt+5yog9mb+JSTAukBJVGOqptm5vuXJhvyOFzVkeNU4mjqcvg==",
      "dev": true,
      "requires": {
        "@types/jquery": "*"
      }
    }
  }
}
